
Microsoft Visual Studio Solution File, Format Version 12.00
# Visual Studio Version 16
VisualStudioVersion = 16.0.33927.289
MinimumVisualStudioVersion = 10.0.40219.1
Project("{2150E333-8FDC-42A3-9474-1A3956D46DE8}") = "Task0", "Task0", "{BD7A0221-E5D3-4510-96B6-26AA12471D78}"
EndProject
Project("{FAE04EC0-301F-11D3-BF4B-00C04F79EFBC}") = "Tyuiu.LomakinVI.Sprint5.Task0.V25", "Tyuiu.LomakinVI.Sprint5.Task0.V25\Tyuiu.LomakinVI.Sprint5.Task0.V25.csproj", "{85676934-CDB6-40BE-A528-F1837B02308C}"
EndProject
Project("{FAE04EC0-301F-11D3-BF4B-00C04F79EFBC}") = "Tyuiu.LomakinVI.Sprint5.Task0.V25.Lib", "Tyuiu.LomakinVI.Sprint5.Task0.V25.Lib\Tyuiu.LomakinVI.Sprint5.Task0.V25.Lib.csproj", "{E4D4DB75-EC43-4403-B637-6391C53CCB43}"
EndProject
Project("{FAE04EC0-301F-11D3-BF4B-00C04F79EFBC}") = "Tyuiu.LomakinVI.Sprint5.Task0.V25.Test", "Tyuiu.LomakinVI.Sprint5.Task0.V25.Test\Tyuiu.LomakinVI.Sprint5.Task0.V25.Test.csproj", "{05BD3BD5-6078-42DD-8A2A-9DE15268F61C}"
EndProject
Project("{2150E333-8FDC-42A3-9474-1A3956D46DE8}") = "Task1", "Task1", "{4440F3E1-2E57-4882-9680-68ACAD225F93}"
EndProject
Project("{FAE04EC0-301F-11D3-BF4B-00C04F79EFBC}") = "Tyuiu.LomakinVI.Sprint5.Task1.V29", "Tyuiu.LomakinVI.Sprint5.Task1.V29\Tyuiu.LomakinVI.Sprint5.Task1.V29.csproj", "{511CE7F3-35F2-40C5-9385-FF6FD2136ED5}"
EndProject
Project("{FAE04EC0-301F-11D3-BF4B-00C04F79EFBC}") = "Tyuiu.LomakinVI.Sprint5.Task1.V29.Lib", "Tyuiu.LomakinVI.Sprint5.Task1.V29.Lib\Tyuiu.LomakinVI.Sprint5.Task1.V29.Lib.csproj", "{9643241E-CDEF-4FBE-B468-89E3E056CD85}"
EndProject
Project("{FAE04EC0-301F-11D3-BF4B-00C04F79EFBC}") = "Tyuiu.LomakinVI.Sprint5.Task1.V29.Test", "Tyuiu.LomakinVI.Sprint5.Task1.V29.Test\Tyuiu.LomakinVI.Sprint5.Task1.V29.Test.csproj", "{883D19A0-3FD0-4278-9C07-FFBCB556FAAF}"
EndProject
Project("{2150E333-8FDC-42A3-9474-1A3956D46DE8}") = "Task2", "Task2", "{D508C668-5A59-4E3A-B0B3-DCC79BA455A5}"
EndProject
Project("{FAE04EC0-301F-11D3-BF4B-00C04F79EFBC}") = "Tyuiu.LomakinVI.Sprint5.Task2.V24", "Tyuiu.LomakinVI.Sprint5.Task2.V24\Tyuiu.LomakinVI.Sprint5.Task2.V24.csproj", "{904EDB76-0807-4371-964C-79F4E48E51B0}"
EndProject
Project("{FAE04EC0-301F-11D3-BF4B-00C04F79EFBC}") = "Tyuiu.LomakinVI.Sprint5.Task2.V24.Lib", "Tyuiu.LomakinVI.Sprint5.Task2.V24.Lib\Tyuiu.LomakinVI.Sprint5.Task2.V24.Lib.csproj", "{A6A6E982-8AD9-46FB-A0CD-E9A3991AFC6C}"
EndProject
Project("{FAE04EC0-301F-11D3-BF4B-00C04F79EFBC}") = "Tyuiu.LomakinVI.Sprint5.Task2.V24.Test", "Tyuiu.LomakinVI.Sprint5.Task2.V24.Test\Tyuiu.LomakinVI.Sprint5.Task2.V24.Test.csproj", "{F9AD9015-B9F8-4967-BD6C-E00A90108000}"
EndProject
Project("{2150E333-8FDC-42A3-9474-1A3956D46DE8}") = "Task3", "Task3", "{A58F35DF-F3EC-45DC-91D4-A22A4739975D}"
EndProject
Project("{FAE04EC0-301F-11D3-BF4B-00C04F79EFBC}") = "Tyuiu.LomakinVI.Sprint5.Task3.V19", "Tyuiu.LomakinVI.Sprint5.Task3.V19\Tyuiu.LomakinVI.Sprint5.Task3.V19.csproj", "{689FC057-2E8E-4881-9C97-B9D3FE7241BB}"
EndProject
Project("{FAE04EC0-301F-11D3-BF4B-00C04F79EFBC}") = "Tyuiu.LomakinVI.Sprint5.Task3.V19.Lib", "Tyuiu.LomakinVI.Sprint5.Task3.V19.Lib\Tyuiu.LomakinVI.Sprint5.Task3.V19.Lib.csproj", "{B0F05446-6761-4B02-A7CD-9C45C846E689}"
EndProject
Project("{FAE04EC0-301F-11D3-BF4B-00C04F79EFBC}") = "Tyuiu.LomakinVI.Sprint5.Task3.V19.Test", "Tyuiu.LomakinVI.Sprint5.Task3.V19.Test\Tyuiu.LomakinVI.Sprint5.Task3.V19.Test.csproj", "{C79A4526-DE47-4BF5-8ABD-424508C1BE83}"
EndProject
Project("{2150E333-8FDC-42A3-9474-1A3956D46DE8}") = "Task4", "Task4", "{17FD84F8-2F72-439D-B2CD-6CDD3765ECF6}"
EndProject
Project("{FAE04EC0-301F-11D3-BF4B-00C04F79EFBC}") = "Tyuiu.LomakinVI.Sprint5.Task4.V9", "Tyuiu.LomakinVI.Sprint5.Task4.V9\Tyuiu.LomakinVI.Sprint5.Task4.V9.csproj", "{B87B0589-5814-472B-9FF0-C4E1177D0669}"
EndProject
Project("{FAE04EC0-301F-11D3-BF4B-00C04F79EFBC}") = "Tyuiu.LomakinVI.Sprint5.Task4.V9.Lib", "Tyuiu.LomakinVI.Sprint5.Task4.V9.Lib\Tyuiu.LomakinVI.Sprint5.Task4.V9.Lib.csproj", "{B27E8139-4748-4A46-9974-F13E8F9C1901}"
EndProject
Project("{FAE04EC0-301F-11D3-BF4B-00C04F79EFBC}") = "Tyuiu.LomakinVI.Sprint5.Task4.V9.Test", "Tyuiu.LomakinVI.Sprint5.Task4.V9.Test\Tyuiu.LomakinVI.Sprint5.Task4.V9.Test.csproj", "{C3AEDABA-15A9-4283-934D-2CC0CD6BEAFC}"
EndProject
Project("{2150E333-8FDC-42A3-9474-1A3956D46DE8}") = "Task5", "Task5", "{5C6C4621-4958-4190-B54A-547B20643618}"
EndProject
Project("{FAE04EC0-301F-11D3-BF4B-00C04F79EFBC}") = "Tyuiu.LomakinVI.Sprint5.Task5.V30", "Tyuiu.LomakinVI.Sprint5.Task5.V30\Tyuiu.LomakinVI.Sprint5.Task5.V30.csproj", "{6E099E4F-FDB6-4014-92AD-DB4D16F4C6BA}"
EndProject
Project("{FAE04EC0-301F-11D3-BF4B-00C04F79EFBC}") = "Tyuiu.LomakinVI.Sprint5.Task5.V30.Lib", "Tyuiu.LomakinVI.Sprint5.Task5.V30.Lib\Tyuiu.LomakinVI.Sprint5.Task5.V30.Lib.csproj", "{10F0A896-E023-4468-8814-8A86F4B6A246}"
EndProject
Project("{FAE04EC0-301F-11D3-BF4B-00C04F79EFBC}") = "Tyuiu.LomakinVI.Sprint5.Task5.V30.Test", "Tyuiu.LomakinVI.Sprint5.Task5.V30.Test\Tyuiu.LomakinVI.Sprint5.Task5.V30.Test.csproj", "{1D94D1F1-E549-4F5E-9531-EE1BB1C38A09}"
EndProject
Project("{2150E333-8FDC-42A3-9474-1A3956D46DE8}") = "Task6", "Task6", "{87721910-04CB-4545-8791-96659A30E821}"
EndProject
Project("{FAE04EC0-301F-11D3-BF4B-00C04F79EFBC}") = "Tyuiu.LomakinVI.Sprint5.Task6.V19", "Tyuiu.LomakinVI.Sprint5.Task6.V19\Tyuiu.LomakinVI.Sprint5.Task6.V19.csproj", "{62B5A995-99B1-414C-9C03-C0BA901C963D}"
EndProject
Project("{FAE04EC0-301F-11D3-BF4B-00C04F79EFBC}") = "Tyuiu.LomakinVI.Sprint5.Task6.V19.Lib", "Tyuiu.LomakinVI.Sprint5.Task6.V19.Lib\Tyuiu.LomakinVI.Sprint5.Task6.V19.Lib.csproj", "{FC5AF3C8-48CA-4C20-ABEB-E452FD11A118}"
EndProject
Project("{FAE04EC0-301F-11D3-BF4B-00C04F79EFBC}") = "Tyuiu.LomakinVI.Sprint5.Task6.V19.Test", "Tyuiu.LomakinVI.Sprint5.Task6.V19.Test\Tyuiu.LomakinVI.Sprint5.Task6.V19.Test.csproj", "{7A360E59-45F5-457C-AB97-EEF892E8EF15}"
EndProject
Global
	GlobalSection(SolutionConfigurationPlatforms) = preSolution
		Debug|Any CPU = Debug|Any CPU
		Release|Any CPU = Release|Any CPU
	EndGlobalSection
	GlobalSection(ProjectConfigurationPlatforms) = postSolution
		{85676934-CDB6-40BE-A528-F1837B02308C}.Debug|Any CPU.ActiveCfg = Debug|Any CPU
		{85676934-CDB6-40BE-A528-F1837B02308C}.Debug|Any CPU.Build.0 = Debug|Any CPU
		{85676934-CDB6-40BE-A528-F1837B02308C}.Release|Any CPU.ActiveCfg = Release|Any CPU
		{85676934-CDB6-40BE-A528-F1837B02308C}.Release|Any CPU.Build.0 = Release|Any CPU
		{E4D4DB75-EC43-4403-B637-6391C53CCB43}.Debug|Any CPU.ActiveCfg = Debug|Any CPU
		{E4D4DB75-EC43-4403-B637-6391C53CCB43}.Debug|Any CPU.Build.0 = Debug|Any CPU
		{E4D4DB75-EC43-4403-B637-6391C53CCB43}.Release|Any CPU.ActiveCfg = Release|Any CPU
		{E4D4DB75-EC43-4403-B637-6391C53CCB43}.Release|Any CPU.Build.0 = Release|Any CPU
		{05BD3BD5-6078-42DD-8A2A-9DE15268F61C}.Debug|Any CPU.ActiveCfg = Debug|Any CPU
		{05BD3BD5-6078-42DD-8A2A-9DE15268F61C}.Debug|Any CPU.Build.0 = Debug|Any CPU
		{05BD3BD5-6078-42DD-8A2A-9DE15268F61C}.Release|Any CPU.ActiveCfg = Release|Any CPU
		{05BD3BD5-6078-42DD-8A2A-9DE15268F61C}.Release|Any CPU.Build.0 = Release|Any CPU
		{511CE7F3-35F2-40C5-9385-FF6FD2136ED5}.Debug|Any CPU.ActiveCfg = Debug|Any CPU
		{511CE7F3-35F2-40C5-9385-FF6FD2136ED5}.Debug|Any CPU.Build.0 = Debug|Any CPU
		{511CE7F3-35F2-40C5-9385-FF6FD2136ED5}.Release|Any CPU.ActiveCfg = Release|Any CPU
		{511CE7F3-35F2-40C5-9385-FF6FD2136ED5}.Release|Any CPU.Build.0 = Release|Any CPU
		{9643241E-CDEF-4FBE-B468-89E3E056CD85}.Debug|Any CPU.ActiveCfg = Debug|Any CPU
		{9643241E-CDEF-4FBE-B468-89E3E056CD85}.Debug|Any CPU.Build.0 = Debug|Any CPU
		{9643241E-CDEF-4FBE-B468-89E3E056CD85}.Release|Any CPU.ActiveCfg = Release|Any CPU
		{9643241E-CDEF-4FBE-B468-89E3E056CD85}.Release|Any CPU.Build.0 = Release|Any CPU
		{883D19A0-3FD0-4278-9C07-FFBCB556FAAF}.Debug|Any CPU.ActiveCfg = Debug|Any CPU
		{883D19A0-3FD0-4278-9C07-FFBCB556FAAF}.Debug|Any CPU.Build.0 = Debug|Any CPU
		{883D19A0-3FD0-4278-9C07-FFBCB556FAAF}.Release|Any CPU.ActiveCfg = Release|Any CPU
		{883D19A0-3FD0-4278-9C07-FFBCB556FAAF}.Release|Any CPU.Build.0 = Release|Any CPU
		{904EDB76-0807-4371-964C-79F4E48E51B0}.Debug|Any CPU.ActiveCfg = Debug|Any CPU
		{904EDB76-0807-4371-964C-79F4E48E51B0}.Debug|Any CPU.Build.0 = Debug|Any CPU
		{904EDB76-0807-4371-964C-79F4E48E51B0}.Release|Any CPU.ActiveCfg = Release|Any CPU
		{904EDB76-0807-4371-964C-79F4E48E51B0}.Release|Any CPU.Build.0 = Release|Any CPU
		{A6A6E982-8AD9-46FB-A0CD-E9A3991AFC6C}.Debug|Any CPU.ActiveCfg = Debug|Any CPU
		{A6A6E982-8AD9-46FB-A0CD-E9A3991AFC6C}.Debug|Any CPU.Build.0 = Debug|Any CPU
		{A6A6E982-8AD9-46FB-A0CD-E9A3991AFC6C}.Release|Any CPU.ActiveCfg = Release|Any CPU
		{A6A6E982-8AD9-46FB-A0CD-E9A3991AFC6C}.Release|Any CPU.Build.0 = Release|Any CPU
		{F9AD9015-B9F8-4967-BD6C-E00A90108000}.Debug|Any CPU.ActiveCfg = Debug|Any CPU
		{F9AD9015-B9F8-4967-BD6C-E00A90108000}.Debug|Any CPU.Build.0 = Debug|Any CPU
		{F9AD9015-B9F8-4967-BD6C-E00A90108000}.Release|Any CPU.ActiveCfg = Release|Any CPU
		{F9AD9015-B9F8-4967-BD6C-E00A90108000}.Release|Any CPU.Build.0 = Release|Any CPU
		{689FC057-2E8E-4881-9C97-B9D3FE7241BB}.Debug|Any CPU.ActiveCfg = Debug|Any CPU
		{689FC057-2E8E-4881-9C97-B9D3FE7241BB}.Debug|Any CPU.Build.0 = Debug|Any CPU
		{689FC057-2E8E-4881-9C97-B9D3FE7241BB}.Release|Any CPU.ActiveCfg = Release|Any CPU
		{689FC057-2E8E-4881-9C97-B9D3FE7241BB}.Release|Any CPU.Build.0 = Release|Any CPU
		{B0F05446-6761-4B02-A7CD-9C45C846E689}.Debug|Any CPU.ActiveCfg = Debug|Any CPU
		{B0F05446-6761-4B02-A7CD-9C45C846E689}.Debug|Any CPU.Build.0 = Debug|Any CPU
		{B0F05446-6761-4B02-A7CD-9C45C846E689}.Release|Any CPU.ActiveCfg = Release|Any CPU
		{B0F05446-6761-4B02-A7CD-9C45C846E689}.Release|Any CPU.Build.0 = Release|Any CPU
		{C79A4526-DE47-4BF5-8ABD-424508C1BE83}.Debug|Any CPU.ActiveCfg = Debug|Any CPU
		{C79A4526-DE47-4BF5-8ABD-424508C1BE83}.Debug|Any CPU.Build.0 = Debug|Any CPU
		{C79A4526-DE47-4BF5-8ABD-424508C1BE83}.Release|Any CPU.ActiveCfg = Release|Any CPU
		{C79A4526-DE47-4BF5-8ABD-424508C1BE83}.Release|Any CPU.Build.0 = Release|Any CPU
		{B87B0589-5814-472B-9FF0-C4E1177D0669}.Debug|Any CPU.ActiveCfg = Debug|Any CPU
		{B87B0589-5814-472B-9FF0-C4E1177D0669}.Debug|Any CPU.Build.0 = Debug|Any CPU
		{B87B0589-5814-472B-9FF0-C4E1177D0669}.Release|Any CPU.ActiveCfg = Release|Any CPU
		{B87B0589-5814-472B-9FF0-C4E1177D0669}.Release|Any CPU.Build.0 = Release|Any CPU
		{B27E8139-4748-4A46-9974-F13E8F9C1901}.Debug|Any CPU.ActiveCfg = Debug|Any CPU
		{B27E8139-4748-4A46-9974-F13E8F9C1901}.Debug|Any CPU.Build.0 = Debug|Any CPU
		{B27E8139-4748-4A46-9974-F13E8F9C1901}.Release|Any CPU.ActiveCfg = Release|Any CPU
		{B27E8139-4748-4A46-9974-F13E8F9C1901}.Release|Any CPU.Build.0 = Release|Any CPU
		{C3AEDABA-15A9-4283-934D-2CC0CD6BEAFC}.Debug|Any CPU.ActiveCfg = Debug|Any CPU
		{C3AEDABA-15A9-4283-934D-2CC0CD6BEAFC}.Debug|Any CPU.Build.0 = Debug|Any CPU
		{C3AEDABA-15A9-4283-934D-2CC0CD6BEAFC}.Release|Any CPU.ActiveCfg = Release|Any CPU
		{C3AEDABA-15A9-4283-934D-2CC0CD6BEAFC}.Release|Any CPU.Build.0 = Release|Any CPU
		{6E099E4F-FDB6-4014-92AD-DB4D16F4C6BA}.Debug|Any CPU.ActiveCfg = Debug|Any CPU
		{6E099E4F-FDB6-4014-92AD-DB4D16F4C6BA}.Debug|Any CPU.Build.0 = Debug|Any CPU
		{6E099E4F-FDB6-4014-92AD-DB4D16F4C6BA}.Release|Any CPU.ActiveCfg = Release|Any CPU
		{6E099E4F-FDB6-4014-92AD-DB4D16F4C6BA}.Release|Any CPU.Build.0 = Release|Any CPU
		{10F0A896-E023-4468-8814-8A86F4B6A246}.Debug|Any CPU.ActiveCfg = Debug|Any CPU
		{10F0A896-E023-4468-8814-8A86F4B6A246}.Debug|Any CPU.Build.0 = Debug|Any CPU
		{10F0A896-E023-4468-8814-8A86F4B6A246}.Release|Any CPU.ActiveCfg = Release|Any CPU
		{10F0A896-E023-4468-8814-8A86F4B6A246}.Release|Any CPU.Build.0 = Release|Any CPU
		{1D94D1F1-E549-4F5E-9531-EE1BB1C38A09}.Debug|Any CPU.ActiveCfg = Debug|Any CPU
		{1D94D1F1-E549-4F5E-9531-EE1BB1C38A09}.Debug|Any CPU.Build.0 = Debug|Any CPU
		{1D94D1F1-E549-4F5E-9531-EE1BB1C38A09}.Release|Any CPU.ActiveCfg = Release|Any CPU
		{1D94D1F1-E549-4F5E-9531-EE1BB1C38A09}.Release|Any CPU.Build.0 = Release|Any CPU
		{62B5A995-99B1-414C-9C03-C0BA901C963D}.Debug|Any CPU.ActiveCfg = Debug|Any CPU
		{62B5A995-99B1-414C-9C03-C0BA901C963D}.Debug|Any CPU.Build.0 = Debug|Any CPU
		{62B5A995-99B1-414C-9C03-C0BA901C963D}.Release|Any CPU.ActiveCfg = Release|Any CPU
		{62B5A995-99B1-414C-9C03-C0BA901C963D}.Release|Any CPU.Build.0 = Release|Any CPU
		{FC5AF3C8-48CA-4C20-ABEB-E452FD11A118}.Debug|Any CPU.ActiveCfg = Debug|Any CPU
		{FC5AF3C8-48CA-4C20-ABEB-E452FD11A118}.Debug|Any CPU.Build.0 = Debug|Any CPU
		{FC5AF3C8-48CA-4C20-ABEB-E452FD11A118}.Release|Any CPU.ActiveCfg = Release|Any CPU
		{FC5AF3C8-48CA-4C20-ABEB-E452FD11A118}.Release|Any CPU.Build.0 = Release|Any CPU
		{7A360E59-45F5-457C-AB97-EEF892E8EF15}.Debug|Any CPU.ActiveCfg = Debug|Any CPU
		{7A360E59-45F5-457C-AB97-EEF892E8EF15}.Debug|Any CPU.Build.0 = Debug|Any CPU
		{7A360E59-45F5-457C-AB97-EEF892E8EF15}.Release|Any CPU.ActiveCfg = Release|Any CPU
		{7A360E59-45F5-457C-AB97-EEF892E8EF15}.Release|Any CPU.Build.0 = Release|Any CPU
	EndGlobalSection
	GlobalSection(SolutionProperties) = preSolution
		HideSolutionNode = FALSE
	EndGlobalSection
	GlobalSection(NestedProjects) = preSolution
		{85676934-CDB6-40BE-A528-F1837B02308C} = {BD7A0221-E5D3-4510-96B6-26AA12471D78}
		{E4D4DB75-EC43-4403-B637-6391C53CCB43} = {BD7A0221-E5D3-4510-96B6-26AA12471D78}
		{05BD3BD5-6078-42DD-8A2A-9DE15268F61C} = {BD7A0221-E5D3-4510-96B6-26AA12471D78}
		{511CE7F3-35F2-40C5-9385-FF6FD2136ED5} = {4440F3E1-2E57-4882-9680-68ACAD225F93}
		{9643241E-CDEF-4FBE-B468-89E3E056CD85} = {4440F3E1-2E57-4882-9680-68ACAD225F93}
		{883D19A0-3FD0-4278-9C07-FFBCB556FAAF} = {4440F3E1-2E57-4882-9680-68ACAD225F93}
		{904EDB76-0807-4371-964C-79F4E48E51B0} = {D508C668-5A59-4E3A-B0B3-DCC79BA455A5}
		{A6A6E982-8AD9-46FB-A0CD-E9A3991AFC6C} = {D508C668-5A59-4E3A-B0B3-DCC79BA455A5}
		{F9AD9015-B9F8-4967-BD6C-E00A90108000} = {D508C668-5A59-4E3A-B0B3-DCC79BA455A5}
		{689FC057-2E8E-4881-9C97-B9D3FE7241BB} = {A58F35DF-F3EC-45DC-91D4-A22A4739975D}
		{B0F05446-6761-4B02-A7CD-9C45C846E689} = {A58F35DF-F3EC-45DC-91D4-A22A4739975D}
		{C79A4526-DE47-4BF5-8ABD-424508C1BE83} = {A58F35DF-F3EC-45DC-91D4-A22A4739975D}
		{B87B0589-5814-472B-9FF0-C4E1177D0669} = {17FD84F8-2F72-439D-B2CD-6CDD3765ECF6}
		{B27E8139-4748-4A46-9974-F13E8F9C1901} = {17FD84F8-2F72-439D-B2CD-6CDD3765ECF6}
		{C3AEDABA-15A9-4283-934D-2CC0CD6BEAFC} = {17FD84F8-2F72-439D-B2CD-6CDD3765ECF6}
		{6E099E4F-FDB6-4014-92AD-DB4D16F4C6BA} = {5C6C4621-4958-4190-B54A-547B20643618}
		{10F0A896-E023-4468-8814-8A86F4B6A246} = {5C6C4621-4958-4190-B54A-547B20643618}
		{1D94D1F1-E549-4F5E-9531-EE1BB1C38A09} = {5C6C4621-4958-4190-B54A-547B20643618}
		{62B5A995-99B1-414C-9C03-C0BA901C963D} = {87721910-04CB-4545-8791-96659A30E821}
		{FC5AF3C8-48CA-4C20-ABEB-E452FD11A118} = {87721910-04CB-4545-8791-96659A30E821}
		{7A360E59-45F5-457C-AB97-EEF892E8EF15} = {87721910-04CB-4545-8791-96659A30E821}
	EndGlobalSection
	GlobalSection(ExtensibilityGlobals) = postSolution
		SolutionGuid = {2151009E-C7FE-4951-B864-45A954D87E5E}
	EndGlobalSection
EndGlobal
